
Microsoft Visual Studio Solution File, Format Version 12.00
# Visual Studio 2012
Project("{FAE04EC0-301F-11D3-BF4B-00C04F79EFBC}") = "ServiceClients", "ServiceClients\ServiceClients.csproj", "{37B763D4-7F63-4B1A-AD84-9CC890A16645}"
EndProject
Project("{FAE04EC0-301F-11D3-BF4B-00C04F79EFBC}") = "Security", "Security\Security.csproj", "{B4768FCD-EA8D-489F-ADB6-5771B8DE649A}"
EndProject
Project("{FAE04EC0-301F-11D3-BF4B-00C04F79EFBC}") = "Helpers", "Helpers\Helpers.csproj", "{672DAADD-B6F4-41F7-8AF8-D10D6F466DC3}"
EndProject
Project("{FAE04EC0-301F-11D3-BF4B-00C04F79EFBC}") = "AdminApp", "AdminApp\AdminApp.csproj", "{6E606B30-3A73-40CD-9E3A-37534128D898}"
EndProject
Project("{FAE04EC0-301F-11D3-BF4B-00C04F79EFBC}") = "Controls", "Controls\Controls.csproj", "{AAFBF5B5-9E0D-4938-B6B7-206F39412A51}"
EndProject
Project("{FAE04EC0-301F-11D3-BF4B-00C04F79EFBC}") = "EduReportApp", "EduReportApp\EduReportApp.csproj", "{3BAF7635-2599-420C-AF8C-6017F62D18D5}"
EndProject
Project("{FAE04EC0-301F-11D3-BF4B-00C04F79EFBC}") = "Phonebook", "Phonebook\Phonebook.csproj", "{9152394B-C549-440C-A1E0-29812AE908DB}"
EndProject
Project("{2150E333-8FDC-42A3-9474-1A3956D46DE8}") = "Apps", "Apps", "{961B4BD7-69A9-4929-B7E9-52C5D2B4B82F}"
EndProject
Project("{FAE04EC0-301F-11D3-BF4B-00C04F79EFBC}") = "StaffApp", "StaffApp\StaffApp.csproj", "{ECD29CA4-636B-4E28-A418-D0B064CB182E}"
EndProject
Project("{FAE04EC0-301F-11D3-BF4B-00C04F79EFBC}") = "TestApp", "TestApp\TestApp.csproj", "{40FDC2C3-294D-476B-9020-A19FCD7EF632}"
EndProject
Project("{FAE04EC0-301F-11D3-BF4B-00C04F79EFBC}") = "DepartmentsReport", "DepartmentsReport\DepartmentsReport.csproj", "{6235917B-6434-4964-839D-50553D9231DE}"
EndProject
Global
	GlobalSection(SolutionConfigurationPlatforms) = preSolution
		Debug|Any CPU = Debug|Any CPU
		Release|Any CPU = Release|Any CPU
	EndGlobalSection
	GlobalSection(ProjectConfigurationPlatforms) = postSolution
		{37B763D4-7F63-4B1A-AD84-9CC890A16645}.Debug|Any CPU.ActiveCfg = Debug|Any CPU
		{37B763D4-7F63-4B1A-AD84-9CC890A16645}.Debug|Any CPU.Build.0 = Debug|Any CPU
		{37B763D4-7F63-4B1A-AD84-9CC890A16645}.Release|Any CPU.ActiveCfg = Release|Any CPU
		{37B763D4-7F63-4B1A-AD84-9CC890A16645}.Release|Any CPU.Build.0 = Release|Any CPU
		{B4768FCD-EA8D-489F-ADB6-5771B8DE649A}.Debug|Any CPU.ActiveCfg = Debug|Any CPU
		{B4768FCD-EA8D-489F-ADB6-5771B8DE649A}.Debug|Any CPU.Build.0 = Debug|Any CPU
		{B4768FCD-EA8D-489F-ADB6-5771B8DE649A}.Release|Any CPU.ActiveCfg = Release|Any CPU
		{B4768FCD-EA8D-489F-ADB6-5771B8DE649A}.Release|Any CPU.Build.0 = Release|Any CPU
		{672DAADD-B6F4-41F7-8AF8-D10D6F466DC3}.Debug|Any CPU.ActiveCfg = Debug|Any CPU
		{672DAADD-B6F4-41F7-8AF8-D10D6F466DC3}.Debug|Any CPU.Build.0 = Debug|Any CPU
		{672DAADD-B6F4-41F7-8AF8-D10D6F466DC3}.Release|Any CPU.ActiveCfg = Release|Any CPU
		{672DAADD-B6F4-41F7-8AF8-D10D6F466DC3}.Release|Any CPU.Build.0 = Release|Any CPU
		{6E606B30-3A73-40CD-9E3A-37534128D898}.Debug|Any CPU.ActiveCfg = Debug|Any CPU
		{6E606B30-3A73-40CD-9E3A-37534128D898}.Debug|Any CPU.Build.0 = Debug|Any CPU
		{6E606B30-3A73-40CD-9E3A-37534128D898}.Release|Any CPU.ActiveCfg = Release|Any CPU
		{6E606B30-3A73-40CD-9E3A-37534128D898}.Release|Any CPU.Build.0 = Release|Any CPU
		{AAFBF5B5-9E0D-4938-B6B7-206F39412A51}.Debug|Any CPU.ActiveCfg = Debug|Any CPU
		{AAFBF5B5-9E0D-4938-B6B7-206F39412A51}.Debug|Any CPU.Build.0 = Debug|Any CPU
		{AAFBF5B5-9E0D-4938-B6B7-206F39412A51}.Release|Any CPU.ActiveCfg = Release|Any CPU
		{AAFBF5B5-9E0D-4938-B6B7-206F39412A51}.Release|Any CPU.Build.0 = Release|Any CPU
		{3BAF7635-2599-420C-AF8C-6017F62D18D5}.Debug|Any CPU.ActiveCfg = Debug|Any CPU
		{3BAF7635-2599-420C-AF8C-6017F62D18D5}.Debug|Any CPU.Build.0 = Debug|Any CPU
		{3BAF7635-2599-420C-AF8C-6017F62D18D5}.Release|Any CPU.ActiveCfg = Release|Any CPU
		{3BAF7635-2599-420C-AF8C-6017F62D18D5}.Release|Any CPU.Build.0 = Release|Any CPU
		{9152394B-C549-440C-A1E0-29812AE908DB}.Debug|Any CPU.ActiveCfg = Debug|Any CPU
		{9152394B-C549-440C-A1E0-29812AE908DB}.Debug|Any CPU.Build.0 = Debug|Any CPU
		{9152394B-C549-440C-A1E0-29812AE908DB}.Release|Any CPU.ActiveCfg = Release|Any CPU
		{9152394B-C549-440C-A1E0-29812AE908DB}.Release|Any CPU.Build.0 = Release|Any CPU
		{ECD29CA4-636B-4E28-A418-D0B064CB182E}.Debug|Any CPU.ActiveCfg = Debug|Any CPU
		{ECD29CA4-636B-4E28-A418-D0B064CB182E}.Debug|Any CPU.Build.0 = Debug|Any CPU
		{ECD29CA4-636B-4E28-A418-D0B064CB182E}.Release|Any CPU.ActiveCfg = Release|Any CPU
		{ECD29CA4-636B-4E28-A418-D0B064CB182E}.Release|Any CPU.Build.0 = Release|Any CPU
		{40FDC2C3-294D-476B-9020-A19FCD7EF632}.Debug|Any CPU.ActiveCfg = Debug|Any CPU
		{40FDC2C3-294D-476B-9020-A19FCD7EF632}.Debug|Any CPU.Build.0 = Debug|Any CPU
		{40FDC2C3-294D-476B-9020-A19FCD7EF632}.Release|Any CPU.ActiveCfg = Release|Any CPU
		{40FDC2C3-294D-476B-9020-A19FCD7EF632}.Release|Any CPU.Build.0 = Release|Any CPU
		{6235917B-6434-4964-839D-50553D9231DE}.Debug|Any CPU.ActiveCfg = Debug|Any CPU
		{6235917B-6434-4964-839D-50553D9231DE}.Debug|Any CPU.Build.0 = Debug|Any CPU
		{6235917B-6434-4964-839D-50553D9231DE}.Release|Any CPU.ActiveCfg = Release|Any CPU
		{6235917B-6434-4964-839D-50553D9231DE}.Release|Any CPU.Build.0 = Release|Any CPU
	EndGlobalSection
	GlobalSection(SolutionProperties) = preSolution
		HideSolutionNode = FALSE
	EndGlobalSection
	GlobalSection(NestedProjects) = preSolution
		{3BAF7635-2599-420C-AF8C-6017F62D18D5} = {961B4BD7-69A9-4929-B7E9-52C5D2B4B82F}
		{9152394B-C549-440C-A1E0-29812AE908DB} = {961B4BD7-69A9-4929-B7E9-52C5D2B4B82F}
		{6E606B30-3A73-40CD-9E3A-37534128D898} = {961B4BD7-69A9-4929-B7E9-52C5D2B4B82F}
		{ECD29CA4-636B-4E28-A418-D0B064CB182E} = {961B4BD7-69A9-4929-B7E9-52C5D2B4B82F}
		{40FDC2C3-294D-476B-9020-A19FCD7EF632} = {961B4BD7-69A9-4929-B7E9-52C5D2B4B82F}
		{6235917B-6434-4964-839D-50553D9231DE} = {961B4BD7-69A9-4929-B7E9-52C5D2B4B82F}
	EndGlobalSection
EndGlobal
